
Microsoft Visual Studio Solution File, Format Version 12.00
# Visual Studio 14
VisualStudioVersion = 14.0.23107.0
MinimumVisualStudioVersion = 10.0.40219.1
Project("{FAE04EC0-301F-11D3-BF4B-00C04F79EFBC}") = "cgl.net", "cgl.net\cgl.net.csproj", "{C97E1149-6E56-43A2-91E2-B94FFA90AD0F}"
EndProject
Project("{FAE04EC0-301F-11D3-BF4B-00C04F79EFBC}") = "tests.cgl.net", "tests.cgl.net\tests.cgl.net.csproj", "{23931A0C-54CA-4A24-A523-125EC4C8181A}"
EndProject
Project("{FAE04EC0-301F-11D3-BF4B-00C04F79EFBC}") = "examples.cgl.net", "examples.cgl.net\examples.cgl.net.csproj", "{E94E7819-BC9A-496D-AF1F-CA5FEBE55B42}"
EndProject
Global
	GlobalSection(SolutionConfigurationPlatforms) = preSolution
		Debug|Any CPU = Debug|Any CPU
		Release|Any CPU = Release|Any CPU
	EndGlobalSection
	GlobalSection(ProjectConfigurationPlatforms) = postSolution
		{C97E1149-6E56-43A2-91E2-B94FFA90AD0F}.Debug|Any CPU.ActiveCfg = Debug|Any CPU
		{C97E1149-6E56-43A2-91E2-B94FFA90AD0F}.Debug|Any CPU.Build.0 = Debug|Any CPU
		{C97E1149-6E56-43A2-91E2-B94FFA90AD0F}.Release|Any CPU.ActiveCfg = Release|Any CPU
		{C97E1149-6E56-43A2-91E2-B94FFA90AD0F}.Release|Any CPU.Build.0 = Release|Any CPU
		{23931A0C-54CA-4A24-A523-125EC4C8181A}.Debug|Any CPU.ActiveCfg = Debug|Any CPU
		{23931A0C-54CA-4A24-A523-125EC4C8181A}.Debug|Any CPU.Build.0 = Debug|Any CPU
		{23931A0C-54CA-4A24-A523-125EC4C8181A}.Release|Any CPU.ActiveCfg = Release|Any CPU
		{23931A0C-54CA-4A24-A523-125EC4C8181A}.Release|Any CPU.Build.0 = Release|Any CPU
		{E94E7819-BC9A-496D-AF1F-CA5FEBE55B42}.Debug|Any CPU.ActiveCfg = Debug|Any CPU
		{E94E7819-BC9A-496D-AF1F-CA5FEBE55B42}.Debug|Any CPU.Build.0 = Debug|Any CPU
		{E94E7819-BC9A-496D-AF1F-CA5FEBE55B42}.Release|Any CPU.ActiveCfg = Release|Any CPU
		{E94E7819-BC9A-496D-AF1F-CA5FEBE55B42}.Release|Any CPU.Build.0 = Release|Any CPU
	EndGlobalSection
	GlobalSection(SolutionProperties) = preSolution
		HideSolutionNode = FALSE
	EndGlobalSection
EndGlobal
